
Microsoft Visual Studio Solution File, Format Version 12.00
# Visual Studio Version 17
VisualStudioVersion = 17.5.002.0
MinimumVisualStudioVersion = 10.0.40219.1
Project("{9A19103F-16F7-4668-BE54-9A1E7A4F7556}") = "alg-II-recursividade", "alg-II-recursividade.csproj", "{DD0E90E9-3B0C-4752-8AD1-D0652E8CE8FA}"
EndProject
Global
	GlobalSection(SolutionConfigurationPlatforms) = preSolution
		Debug|Any CPU = Debug|Any CPU
		Release|Any CPU = Release|Any CPU
	EndGlobalSection
	GlobalSection(ProjectConfigurationPlatforms) = postSolution
		{DD0E90E9-3B0C-4752-8AD1-D0652E8CE8FA}.Debug|Any CPU.ActiveCfg = Debug|Any CPU
		{DD0E90E9-3B0C-4752-8AD1-D0652E8CE8FA}.Debug|Any CPU.Build.0 = Debug|Any CPU
		{DD0E90E9-3B0C-4752-8AD1-D0652E8CE8FA}.Release|Any CPU.ActiveCfg = Release|Any CPU
		{DD0E90E9-3B0C-4752-8AD1-D0652E8CE8FA}.Release|Any CPU.Build.0 = Release|Any CPU
	EndGlobalSection
	GlobalSection(SolutionProperties) = preSolution
		HideSolutionNode = FALSE
	EndGlobalSection
	GlobalSection(ExtensibilityGlobals) = postSolution
		SolutionGuid = {F3BB567E-6C20-4EEC-BF04-E6A3991B9F26}
	EndGlobalSection
EndGlobal
